// !$*UTF8*$!
{
	archiveVersion = 1;
	classes = {
	};
	objectVersion = 50;
	objects = {

/* Begin PBXBuildFile section */
		661724F3261C19E000FC4632 /* AppDelegate.swift in Sources */ = {isa = PBXBuildFile; fileRef = 661724F2261C19E000FC4632 /* AppDelegate.swift */; };
		661724F5261C19E000FC4632 /* SceneDelegate.swift in Sources */ = {isa = PBXBuildFile; fileRef = 661724F4261C19E000FC4632 /* SceneDelegate.swift */; };
		661724F7261C19E000FC4632 /* ViewController.swift in Sources */ = {isa = PBXBuildFile; fileRef = 661724F6261C19E000FC4632 /* ViewController.swift */; };
		661724FA261C19E000FC4632 /* Main.storyboard in Resources */ = {isa = PBXBuildFile; fileRef = 661724F8261C19E000FC4632 /* Main.storyboard */; };
		661724FC261C19E300FC4632 /* Assets.xcassets in Resources */ = {isa = PBXBuildFile; fileRef = 661724FB261C19E300FC4632 /* Assets.xcassets */; };
		661724FF261C19E300FC4632 /* LaunchScreen.storyboard in Resources */ = {isa = PBXBuildFile; fileRef = 661724FD261C19E300FC4632 /* LaunchScreen.storyboard */; };
		6617250A261C19E300FC4632 /* MovieListTests.swift in Sources */ = {isa = PBXBuildFile; fileRef = 66172509261C19E300FC4632 /* MovieListTests.swift */; };
		66172515261C19E400FC4632 /* MovieListUITests.swift in Sources */ = {isa = PBXBuildFile; fileRef = 66172514261C19E400FC4632 /* MovieListUITests.swift */; };
/* End PBXBuildFile section */

/* Begin PBXContainerItemProxy section */
		66172506261C19E300FC4632 /* PBXContainerItemProxy */ = {
			isa = PBXContainerItemProxy;
			containerPortal = 661724E7261C19DF00FC4632 /* Project object */;
			proxyType = 1;
			remoteGlobalIDString = 661724EE261C19E000FC4632;
			remoteInfo = MovieList;
		};
		66172511261C19E400FC4632 /* PBXContainerItemProxy */ = {
			isa = PBXContainerItemProxy;
			containerPortal = 661724E7261C19DF00FC4632 /* Project object */;
			proxyType = 1;
			remoteGlobalIDString = 661724EE261C19E000FC4632;
			remoteInfo = MovieList;
		};
/* End PBXContainerItemProxy section */

/* Begin PBXFileReference section */
		661724EF261C19E000FC4632 /* MovieList.app */ = {isa = PBXFileReference; explicitFileType = wrapper.application; includeInIndex = 0; path = MovieList.app; sourceTree = BUILT_PRODUCTS_DIR; };
		661724F2261C19E000FC4632 /* AppDelegate.swift */ = {isa = PBXFileReference; lastKnownFileType = sourcecode.swift; path = AppDelegate.swift; sourceTree = "<group>"; };
		661724F4261C19E000FC4632 /* SceneDelegate.swift */ = {isa = PBXFileReference; lastKnownFileType = sourcecode.swift; path = SceneDelegate.swift; sourceTree = "<group>"; };
		661724F6261C19E000FC4632 /* ViewController.swift */ = {isa = PBXFileReference; lastKnownFileType = sourcecode.swift; path = ViewController.swift; sourceTree = "<group>"; };
		661724F9261C19E000FC4632 /* Base */ = {isa = PBXFileReference; lastKnownFileType = file.storyboard; name = Base; path = Base.lproj/Main.storyboard; sourceTree = "<group>"; };
		661724FB261C19E300FC4632 /* Assets.xcassets */ = {isa = PBXFileReference; lastKnownFileType = folder.assetcatalog; path = Assets.xcassets; sourceTree = "<group>"; };
		661724FE261C19E300FC4632 /* Base */ = {isa = PBXFileReference; lastKnownFileType = file.storyboard; name = Base; path = Base.lproj/LaunchScreen.storyboard; sourceTree = "<group>"; };
		66172500261C19E300FC4632 /* Info.plist */ = {isa = PBXFileReference; lastKnownFileType = text.plist.xml; path = Info.plist; sourceTree = "<group>"; };
		66172505261C19E300FC4632 /* MovieListTests.xctest */ = {isa = PBXFileReference; explicitFileType = wrapper.cfbundle; includeInIndex = 0; path = MovieListTests.xctest; sourceTree = BUILT_PRODUCTS_DIR; };
		66172509261C19E300FC4632 /* MovieListTests.swift */ = {isa = PBXFileReference; lastKnownFileType = sourcecode.swift; path = MovieListTests.swift; sourceTree = "<group>"; };
		6617250B261C19E300FC4632 /* Info.plist */ = {isa = PBXFileReference; lastKnownFileType = text.plist.xml; path = Info.plist; sourceTree = "<group>"; };
		66172510261C19E400FC4632 /* MovieListUITests.xctest */ = {isa = PBXFileReference; explicitFileType = wrapper.cfbundle; includeInIndex = 0; path = MovieListUITests.xctest; sourceTree = BUILT_PRODUCTS_DIR; };
		66172514261C19E400FC4632 /* MovieListUITests.swift */ = {isa = PBXFileReference; lastKnownFileType = sourcecode.swift; path = MovieListUITests.swift; sourceTree = "<group>"; };
		66172516261C19E400FC4632 /* Info.plist */ = {isa = PBXFileReference; lastKnownFileType = text.plist.xml; path = Info.plist; sourceTree = "<group>"; };
/* End PBXFileReference section */

/* Begin PBXFrameworksBuildPhase section */
		661724EC261C19E000FC4632 /* Frameworks */ = {
			isa = PBXFrameworksBuildPhase;
			buildActionMask = 2147483647;
			files = (
			);
			runOnlyForDeploymentPostprocessing = 0;
		};
		66172502261C19E300FC4632 /* Frameworks */ = {
			isa = PBXFrameworksBuildPhase;
			buildActionMask = 2147483647;
			files = (
			);
			runOnlyForDeploymentPostprocessing = 0;
		};
		6617250D261C19E400FC4632 /* Frameworks */ = {
			isa = PBXFrameworksBuildPhase;
			buildActionMask = 2147483647;
			files = (
			);
			runOnlyForDeploymentPostprocessing = 0;
		};
/* End PBXFrameworksBuildPhase section */

/* Begin PBXGroup section */
		661724E6261C19DF00FC4632 = {
			isa = PBXGroup;
			children = (
				661724F1261C19E000FC4632 /* MovieList */,
				66172508261C19E300FC4632 /* MovieListTests */,
				66172513261C19E400FC4632 /* MovieListUITests */,
				661724F0261C19E000FC4632 /* Products */,
			);
			sourceTree = "<group>";
		};
		661724F0261C19E000FC4632 /* Products */ = {
			isa = PBXGroup;
			children = (
				661724EF261C19E000FC4632 /* MovieList.app */,
				66172505261C19E300FC4632 /* MovieListTests.xctest */,
				66172510261C19E400FC4632 /* MovieListUITests.xctest */,
			);
			name = Products;
			sourceTree = "<group>";
		};
		661724F1261C19E000FC4632 /* MovieList */ = {
			isa = PBXGroup;
			children = (
				661724F2261C19E000FC4632 /* AppDelegate.swift */,
				661724F4261C19E000FC4632 /* SceneDelegate.swift */,
				661724F6261C19E000FC4632 /* ViewController.swift */,
				661724F8261C19E000FC4632 /* Main.storyboard */,
				661724FB261C19E300FC4632 /* Assets.xcassets */,
				661724FD261C19E300FC4632 /* LaunchScreen.storyboard */,
				66172500261C19E300FC4632 /* Info.plist */,
			);
			path = MovieList;
			sourceTree = "<group>";
		};
		66172508261C19E300FC4632 /* MovieListTests */ = {
			isa = PBXGroup;
			children = (
				66172509261C19E300FC4632 /* MovieListTests.swift */,
				6617250B261C19E300FC4632 /* Info.plist */,
			);
			path = MovieListTests;
			sourceTree = "<group>";
		};
		66172513261C19E400FC4632 /* MovieListUITests */ = {
			isa = PBXGroup;
			children = (
				66172514261C19E400FC4632 /* MovieListUITests.swift */,
				66172516261C19E400FC4632 /* Info.plist */,
			);
			path = MovieListUITests;
			sourceTree = "<group>";
		};
/* End PBXGroup section */

/* Begin PBXNativeTarget section */
		661724EE261C19E000FC4632 /* MovieList */ = {
			isa = PBXNativeTarget;
			buildConfigurationList = 66172519261C19E400FC4632 /* Build configuration list for PBXNativeTarget "MovieList" */;
			buildPhases = (
				661724EB261C19E000FC4632 /* Sources */,
				661724EC261C19E000FC4632 /* Frameworks */,
				661724ED261C19E000FC4632 /* Resources */,
			);
			buildRules = (
			);
			dependencies = (
			);
			name = MovieList;
			productName = MovieList;
			productReference = 661724EF261C19E000FC4632 /* MovieList.app */;
			productType = "com.apple.product-type.application";
		};
		66172504261C19E300FC4632 /* MovieListTests */ = {
			isa = PBXNativeTarget;
			buildConfigurationList = 6617251C261C19E400FC4632 /* Build configuration list for PBXNativeTarget "MovieListTests" */;
			buildPhases = (
				66172501261C19E300FC4632 /* Sources */,
				66172502261C19E300FC4632 /* Frameworks */,
				66172503261C19E300FC4632 /* Resources */,
			);
			buildRules = (
			);
			dependencies = (
				66172507261C19E300FC4632 /* PBXTargetDependency */,
			);
			name = MovieListTests;
			productName = MovieListTests;
			productReference = 66172505261C19E300FC4632 /* MovieListTests.xctest */;
			productType = "com.apple.product-type.bundle.unit-test";
		};
		6617250F261C19E400FC4632 /* MovieListUITests */ = {
			isa = PBXNativeTarget;
			buildConfigurationList = 6617251F261C19E400FC4632 /* Build configuration list for PBXNativeTarget "MovieListUITests" */;
			buildPhases = (
				6617250C261C19E400FC4632 /* Sources */,
				6617250D261C19E400FC4632 /* Frameworks */,
				6617250E261C19E400FC4632 /* Resources */,
			);
			buildRules = (
			);
			dependencies = (
				66172512261C19E400FC4632 /* PBXTargetDependency */,
			);
			name = MovieListUITests;
			productName = MovieListUITests;
			productReference = 66172510261C19E400FC4632 /* MovieListUITests.xctest */;
			productType = "com.apple.product-type.bundle.ui-testing";
		};
/* End PBXNativeTarget section */

/* Begin PBXProject section */
		661724E7261C19DF00FC4632 /* Project object */ = {
			isa = PBXProject;
			attributes = {
				LastSwiftUpdateCheck = 1240;
				LastUpgradeCheck = 1240;
				TargetAttributes = {
					661724EE261C19E000FC4632 = {
						CreatedOnToolsVersion = 12.4;
					};
					66172504261C19E300FC4632 = {
						CreatedOnToolsVersion = 12.4;
						TestTargetID = 661724EE261C19E000FC4632;
					};
					6617250F261C19E400FC4632 = {
						CreatedOnToolsVersion = 12.4;
						TestTargetID = 661724EE261C19E000FC4632;
					};
				};
			};
			buildConfigurationList = 661724EA261C19DF00FC4632 /* Build configuration list for PBXProject "MovieList" */;
			compatibilityVersion = "Xcode 9.3";
			developmentRegion = en;
			hasScannedForEncodings = 0;
			knownRegions = (
				en,
				Base,
			);
			mainGroup = 661724E6261C19DF00FC4632;
			productRefGroup = 661724F0261C19E000FC4632 /* Products */;
			projectDirPath = "";
			projectRoot = "";
			targets = (
				661724EE261C19E000FC4632 /* MovieList */,
				66172504261C19E300FC4632 /* MovieListTests */,
				6617250F261C19E400FC4632 /* MovieListUITests */,
			);
		};
/* End PBXProject section */

/* Begin PBXResourcesBuildPhase section */
		661724ED261C19E000FC4632 /* Resources */ = {
			isa = PBXResourcesBuildPhase;
			buildActionMask = 2147483647;
			files = (
				661724FF261C19E300FC4632 /* LaunchScreen.storyboard in Resources */,
				661724FC261C19E300FC4632 /* Assets.xcassets in Resources */,
				661724FA261C19E000FC4632 /* Main.storyboard in Resources */,
			);
			runOnlyForDeploymentPostprocessing = 0;
		};
		66172503261C19E300FC4632 /* Resources */ = {
			isa = PBXResourcesBuildPhase;
			buildActionMask = 2147483647;
			files = (
			);
			runOnlyForDeploymentPostprocessing = 0;
		};
		6617250E261C19E400FC4632 /* Resources */ = {
			isa = PBXResourcesBuildPhase;
			buildActionMask = 2147483647;
			files = (
			);
			runOnlyForDeploymentPostprocessing = 0;
		};
/* End PBXResourcesBuildPhase section */

/* Begin PBXSourcesBuildPhase section */
		661724EB261C19E000FC4632 /* Sources */ = {
			isa = PBXSourcesBuildPhase;
			buildActionMask = 2147483647;
			files = (
				661724F7261C19E000FC4632 /* ViewController.swift in Sources */,
				661724F3261C19E000FC4632 /* AppDelegate.swift in Sources */,
				661724F5261C19E000FC4632 /* SceneDelegate.swift in Sources */,
			);
			runOnlyForDeploymentPostprocessing = 0;
		};
		66172501261C19E300FC4632 /* Sources */ = {
			isa = PBXSourcesBuildPhase;
			buildActionMask = 2147483647;
			files = (
				6617250A261C19E300FC4632 /* MovieListTests.swift in Sources */,
			);
			runOnlyForDeploymentPostprocessing = 0;
		};
		6617250C261C19E400FC4632 /* Sources */ = {
			isa = PBXSourcesBuildPhase;
			buildActionMask = 2147483647;
			files = (
				66172515261C19E400FC4632 /* MovieListUITests.swift in Sources */,
			);
			runOnlyForDeploymentPostprocessing = 0;
		};
/* End PBXSourcesBuildPhase section */

/* Begin PBXTargetDependency section */
		66172507261C19E300FC4632 /* PBXTargetDependency */ = {
			isa = PBXTargetDependency;
			target = 661724EE261C19E000FC4632 /* MovieList */;
			targetProxy = 66172506261C19E300FC4632 /* PBXContainerItemProxy */;
		};
		66172512261C19E400FC4632 /* PBXTargetDependency */ = {
			isa = PBXTargetDependency;
			target = 661724EE261C19E000FC4632 /* MovieList */;
			targetProxy = 66172511261C19E400FC4632 /* PBXContainerItemProxy */;
		};
/* End PBXTargetDependency section */

/* Begin PBXVariantGroup section */
		661724F8261C19E000FC4632 /* Main.storyboard */ = {
			isa = PBXVariantGroup;
			children = (
				661724F9261C19E000FC4632 /* Base */,
			);
			name = Main.storyboard;
			sourceTree = "<group>";
		};
		661724FD261C19E300FC4632 /* LaunchScreen.storyboard */ = {
			isa = PBXVariantGroup;
			children = (
				661724FE261C19E300FC4632 /* Base */,
			);
			name = LaunchScreen.storyboard;
			sourceTree = "<group>";
		};
/* End PBXVariantGroup section */

/* Begin XCBuildConfiguration section */
		66172517261C19E400FC4632 /* Debug */ = {
			isa = XCBuildConfiguration;
			buildSettings = {
				ALWAYS_SEARCH_USER_PATHS = NO;
				CLANG_ANALYZER_NONNULL = YES;
				CLANG_ANALYZER_NUMBER_OBJECT_CONVERSION = YES_AGGRESSIVE;
				CLANG_CXX_LANGUAGE_STANDARD = "gnu++14";
				CLANG_CXX_LIBRARY = "libc++";
				CLANG_ENABLE_MODULES = YES;
				CLANG_ENABLE_OBJC_ARC = YES;
				CLANG_ENABLE_OBJC_WEAK = YES;
				CLANG_WARN_BLOCK_CAPTURE_AUTORELEASING = YES;
				CLANG_WARN_BOOL_CONVERSION = YES;
				CLANG_WARN_COMMA = YES;
				CLANG_WARN_CONSTANT_CONVERSION = YES;
				CLANG_WARN_DEPRECATED_OBJC_IMPLEMENTATIONS = YES;
				CLANG_WARN_DIRECT_OBJC_ISA_USAGE = YES_ERROR;
				CLANG_WARN_DOCUMENTATION_COMMENTS = YES;
				CLANG_WARN_EMPTY_BODY = YES;
				CLANG_WARN_ENUM_CONVERSION = YES;
				CLANG_WARN_INFINITE_RECURSION = YES;
				CLANG_WARN_INT_CONVERSION = YES;
				CLANG_WARN_NON_LITERAL_NULL_CONVERSION = YES;
				CLANG_WARN_OBJC_IMPLICIT_RETAIN_SELF = YES;
				CLANG_WARN_OBJC_LITERAL_CONVERSION = YES;
				CLANG_WARN_OBJC_ROOT_CLASS = YES_ERROR;
				CLANG_WARN_QUOTED_INCLUDE_IN_FRAMEWORK_HEADER = YES;
				CLANG_WARN_RANGE_LOOP_ANALYSIS = YES;
				CLANG_WARN_STRICT_PROTOTYPES = YES;
				CLANG_WARN_SUSPICIOUS_MOVE = YES;
				CLANG_WARN_UNGUARDED_AVAILABILITY = YES_AGGRESSIVE;
				CLANG_WARN_UNREACHABLE_CODE = YES;
				CLANG_WARN__DUPLICATE_METHOD_MATCH = YES;
				COPY_PHASE_STRIP = NO;
				DEBUG_INFORMATION_FORMAT = dwarf;
				ENABLE_STRICT_OBJC_MSGSEND = YES;
				ENABLE_TESTABILITY = YES;
				GCC_C_LANGUAGE_STANDARD = gnu11;
				GCC_DYNAMIC_NO_PIC = NO;
				GCC_NO_COMMON_BLOCKS = YES;
				GCC_OPTIMIZATION_LEVEL = 0;
				GCC_PREPROCESSOR_DEFINITIONS = (
					"DEBUG=1",
					"$(inherited)",
				);
				GCC_WARN_64_TO_32_BIT_CONVERSION = YES;
				GCC_WARN_ABOUT_RETURN_TYPE = YES_ERROR;
				GCC_WARN_UNDECLARED_SELECTOR = YES;
				GCC_WARN_UNINITIALIZED_AUTOS = YES_AGGRESSIVE;
				GCC_WARN_UNUSED_FUNCTION = YES;
				GCC_WARN_UNUSED_VARIABLE = YES;
				IPHONEOS_DEPLOYMENT_TARGET = 14.4;
				MTL_ENABLE_DEBUG_INFO = INCLUDE_SOURCE;
				MTL_FAST_MATH = YES;
				ONLY_ACTIVE_ARCH = YES;
				SDKROOT = iphoneos;
				SWIFT_ACTIVE_COMPILATION_CONDITIONS = DEBUG;
				SWIFT_OPTIMIZATION_LEVEL = "-Onone";
			};
			name = Debug;
		};
		66172518261C19E400FC4632 /* Release */ = {
			isa = XCBuildConfiguration;
			buildSettings = {
				ALWAYS_SEARCH_USER_PATHS = NO;
				CLANG_ANALYZER_NONNULL = YES;
				CLANG_ANALYZER_NUMBER_OBJECT_CONVERSION = YES_AGGRESSIVE;
				CLANG_CXX_LANGUAGE_STANDARD = "gnu++14";
				CLANG_CXX_LIBRARY = "libc++";
				CLANG_ENABLE_MODULES = YES;
				CLANG_ENABLE_OBJC_ARC = YES;
				CLANG_ENABLE_OBJC_WEAK = YES;
				CLANG_WARN_BLOCK_CAPTURE_AUTORELEASING = YES;
				CLANG_WARN_BOOL_CONVERSION = YES;
				CLANG_WARN_COMMA = YES;
				CLANG_WARN_CONSTANT_CONVERSION = YES;
				CLANG_WARN_DEPRECATED_OBJC_IMPLEMENTATIONS = YES;
				CLANG_WARN_DIRECT_OBJC_ISA_USAGE = YES_ERROR;
				CLANG_WARN_DOCUMENTATION_COMMENTS = YES;
				CLANG_WARN_EMPTY_BODY = YES;
				CLANG_WARN_ENUM_CONVERSION = YES;
				CLANG_WARN_INFINITE_RECURSION = YES;
				CLANG_WARN_INT_CONVERSION = YES;
				CLANG_WARN_NON_LITERAL_NULL_CONVERSION = YES;
				CLANG_WARN_OBJC_IMPLICIT_RETAIN_SELF = YES;
				CLANG_WARN_OBJC_LITERAL_CONVERSION = YES;
				CLANG_WARN_OBJC_ROOT_CLASS = YES_ERROR;
				CLANG_WARN_QUOTED_INCLUDE_IN_FRAMEWORK_HEADER = YES;
				CLANG_WARN_RANGE_LOOP_ANALYSIS = YES;
				CLANG_WARN_STRICT_PROTOTYPES = YES;
				CLANG_WARN_SUSPICIOUS_MOVE = YES;
				CLANG_WARN_UNGUARDED_AVAILABILITY = YES_AGGRESSIVE;
				CLANG_WARN_UNREACHABLE_CODE = YES;
				CLANG_WARN__DUPLICATE_METHOD_MATCH = YES;
				COPY_PHASE_STRIP = NO;
				DEBUG_INFORMATION_FORMAT = "dwarf-with-dsym";
				ENABLE_NS_ASSERTIONS = NO;
				ENABLE_STRICT_OBJC_MSGSEND = YES;
				GCC_C_LANGUAGE_STANDARD = gnu11;
				GCC_NO_COMMON_BLOCKS = YES;
				GCC_WARN_64_TO_32_BIT_CONVERSION = YES;
				GCC_WARN_ABOUT_RETURN_TYPE = YES_ERROR;
				GCC_WARN_UNDECLARED_SELECTOR = YES;
				GCC_WARN_UNINITIALIZED_AUTOS = YES_AGGRESSIVE;
				GCC_WARN_UNUSED_FUNCTION = YES;
				GCC_WARN_UNUSED_VARIABLE = YES;
				IPHONEOS_DEPLOYMENT_TARGET = 14.4;
				MTL_ENABLE_DEBUG_INFO = NO;
				MTL_FAST_MATH = YES;
				SDKROOT = iphoneos;
				SWIFT_COMPILATION_MODE = wholemodule;
				SWIFT_OPTIMIZATION_LEVEL = "-O";
				VALIDATE_PRODUCT = YES;
			};
			name = Release;
		};
		6617251A261C19E400FC4632 /* Debug */ = {
			isa = XCBuildConfiguration;
			buildSettings = {
				ASSETCATALOG_COMPILER_APPICON_NAME = AppIcon;
				ASSETCATALOG_COMPILER_GLOBAL_ACCENT_COLOR_NAME = AccentColor;
				CODE_SIGN_STYLE = Automatic;
				DEVELOPMENT_TEAM = DR5BA5TM85;
				INFOPLIST_FILE = MovieList/Info.plist;
				LD_RUNPATH_SEARCH_PATHS = (
					"$(inherited)",
					"@executable_path/Frameworks",
				);
				PRODUCT_BUNDLE_IDENTIFIER = MovieList.MovieList;
				PRODUCT_NAME = "$(TARGET_NAME)";
				SWIFT_VERSION = 5.0;
				TARGETED_DEVICE_FAMILY = "1,2";
			};
			name = Debug;
		};
		6617251B261C19E400FC4632 /* Release */ = {
			isa = XCBuildConfiguration;
			buildSettings = {
				ASSETCATALOG_COMPILER_APPICON_NAME = AppIcon;
				ASSETCATALOG_COMPILER_GLOBAL_ACCENT_COLOR_NAME = AccentColor;
				CODE_SIGN_STYLE = Automatic;
				DEVELOPMENT_TEAM = DR5BA5TM85;
				INFOPLIST_FILE = MovieList/Info.plist;
				LD_RUNPATH_SEARCH_PATHS = (
					"$(inherited)",
					"@executable_path/Frameworks",
				);
				PRODUCT_BUNDLE_IDENTIFIER = MovieList.MovieList;
				PRODUCT_NAME = "$(TARGET_NAME)";
				SWIFT_VERSION = 5.0;
				TARGETED_DEVICE_FAMILY = "1,2";
			};
			name = Release;
		};
		6617251D261C19E400FC4632 /* Debug */ = {
			isa = XCBuildConfiguration;
			buildSettings = {
				ALWAYS_EMBED_SWIFT_STANDARD_LIBRARIES = YES;
				BUNDLE_LOADER = "$(TEST_HOST)";
				CODE_SIGN_STYLE = Automatic;
				DEVELOPMENT_TEAM = DR5BA5TM85;
				INFOPLIST_FILE = MovieListTests/Info.plist;
				IPHONEOS_DEPLOYMENT_TARGET = 14.4;
				LD_RUNPATH_SEARCH_PATHS = (
					"$(inherited)",
					"@executable_path/Frameworks",
					"@loader_path/Frameworks",
				);
				PRODUCT_BUNDLE_IDENTIFIER = MovieList.MovieListTests;
				PRODUCT_NAME = "$(TARGET_NAME)";
				SWIFT_VERSION = 5.0;
				TARGETED_DEVICE_FAMILY = "1,2";
				TEST_HOST = "$(BUILT_PRODUCTS_DIR)/MovieList.app/MovieList";
			};
			name = Debug;
		};
		6617251E261C19E400FC4632 /* Release */ = {
			isa = XCBuildConfiguration;
			buildSettings = {
				ALWAYS_EMBED_SWIFT_STANDARD_LIBRARIES = YES;
				BUNDLE_LOADER = "$(TEST_HOST)";
				CODE_SIGN_STYLE = Automatic;
				DEVELOPMENT_TEAM = DR5BA5TM85;
				INFOPLIST_FILE = MovieListTests/Info.plist;
				IPHONEOS_DEPLOYMENT_TARGET = 14.4;
				LD_RUNPATH_SEARCH_PATHS = (
					"$(inherited)",
					"@executable_path/Frameworks",
					"@loader_path/Frameworks",
				);
				PRODUCT_BUNDLE_IDENTIFIER = MovieList.MovieListTests;
				PRODUCT_NAME = "$(TARGET_NAME)";
				SWIFT_VERSION = 5.0;
				TARGETED_DEVICE_FAMILY = "1,2";
				TEST_HOST = "$(BUILT_PRODUCTS_DIR)/MovieList.app/MovieList";
			};
			name = Release;
		};
		66172520261C19E400FC4632 /* Debug */ = {
			isa = XCBuildConfiguration;
			buildSettings = {
				ALWAYS_EMBED_SWIFT_STANDARD_LIBRARIES = YES;
				CODE_SIGN_STYLE = Automatic;
				DEVELOPMENT_TEAM = DR5BA5TM85;
				INFOPLIST_FILE = MovieListUITests/Info.plist;
				LD_RUNPATH_SEARCH_PATHS = (
					"$(inherited)",
					"@executable_path/Frameworks",
					"@loader_path/Frameworks",
				);
				PRODUCT_BUNDLE_IDENTIFIER = MovieList.MovieListUITests;
				PRODUCT_NAME = "$(TARGET_NAME)";
				SWIFT_VERSION = 5.0;
				TARGETED_DEVICE_FAMILY = "1,2";
				TEST_TARGET_NAME = MovieList;
			};
			name = Debug;
		};
		66172521261C19E400FC4632 /* Release */ = {
			isa = XCBuildConfiguration;
			buildSettings = {
				ALWAYS_EMBED_SWIFT_STANDARD_LIBRARIES = YES;
				CODE_SIGN_STYLE = Automatic;
				DEVELOPMENT_TEAM = DR5BA5TM85;
				INFOPLIST_FILE = MovieListUITests/Info.plist;
				LD_RUNPATH_SEARCH_PATHS = (
					"$(inherited)",
					"@executable_path/Frameworks",
					"@loader_path/Frameworks",
				);
				PRODUCT_BUNDLE_IDENTIFIER = MovieList.MovieListUITests;
				PRODUCT_NAME = "$(TARGET_NAME)";
				SWIFT_VERSION = 5.0;
				TARGETED_DEVICE_FAMILY = "1,2";
				TEST_TARGET_NAME = MovieList;
			};
			name = Release;
		};
/* End XCBuildConfiguration section */

/* Begin XCConfigurationList section */
		661724EA261C19DF00FC4632 /* Build configuration list for PBXProject "MovieList" */ = {
			isa = XCConfigurationList;
			buildConfigurations = (
				66172517261C19E400FC4632 /* Debug */,
				66172518261C19E400FC4632 /* Release */,
			);
			defaultConfigurationIsVisible = 0;
			defaultConfigurationName = Release;
		};
		66172519261C19E400FC4632 /* Build configuration list for PBXNativeTarget "MovieList" */ = {
			isa = XCConfigurationList;
			buildConfigurations = (
				6617251A261C19E400FC4632 /* Debug */,
				6617251B261C19E400FC4632 /* Release */,
			);
			defaultConfigurationIsVisible = 0;
			defaultConfigurationName = Release;
		};
		6617251C261C19E400FC4632 /* Build configuration list for PBXNativeTarget "MovieListTests" */ = {
			isa = XCConfigurationList;
			buildConfigurations = (
				6617251D261C19E400FC4632 /* Debug */,
				6617251E261C19E400FC4632 /* Release */,
			);
			defaultConfigurationIsVisible = 0;
			defaultConfigurationName = Release;
		};
		6617251F261C19E400FC4632 /* Build configuration list for PBXNativeTarget "MovieListUITests" */ = {
			isa = XCConfigurationList;
			buildConfigurations = (
				66172520261C19E400FC4632 /* Debug */,
				66172521261C19E400FC4632 /* Release */,
			);
			defaultConfigurationIsVisible = 0;
			defaultConfigurationName = Release;
		};
/* End XCConfigurationList section */
	};
	rootObject = 661724E7261C19DF00FC4632 /* Project object */;
}
